<?xml version="1.0" encoding="utf-8"?>
<Project ToolsVersion="4.0" xmlns="http://schemas.microsoft.com/developer/msbuild/2003">
  <ItemGroup>
    <ClCompile Include="main.cpp" />
    <ClCompile Include="Player.cpp">
      <Filter>Core</Filter>
    </ClCompile>
    <ClCompile Include="Board.cpp">
      <Filter>Core</Filter>
    </ClCompile>
    <ClCompile Include="CombatCard.cpp">
      <Filter>Cards</Filter>
    </ClCompile>
    <ClCompile Include="TrainingMode.cpp">
      <Filter>GameMode\GameModes</Filter>
    </ClCompile>
    <ClCompile Include="MageMode.cpp">
      <Filter>GameMode\GameModes</Filter>
    </ClCompile>
    <ClCompile Include="ElementalMode.cpp">
      <Filter>GameMode\GameModes</Filter>
    </ClCompile>
    <ClCompile Include="IllusionService.cpp">
      <Filter>GameMode\Services</Filter>
    </ClCompile>
    <ClCompile Include="ExplosionService.cpp">
      <Filter>GameMode\Services</Filter>
    </ClCompile>
    <ClCompile Include="MageService.cpp">
      <Filter>GameMode\Services</Filter>
    </ClCompile>
    <ClCompile Include="GameModeFactory.cpp">
      <Filter>GameMode</Filter>
    </ClCompile>
    <ClCompile Include="logger.cpp">
      <Filter>Utils</Filter>
    </ClCompile>
    <ClCompile Include="WinManager.cpp">
      <Filter>GameMode\Managers</Filter>
    </ClCompile>
    <ClCompile Include="ExplosionCard.cpp">
      <Filter>Cards</Filter>
    </ClCompile>
    <ClCompile Include="MageCard.cpp">
      <Filter>Cards\Mage</Filter>
    </ClCompile>
    <ClCompile Include="ElementalService.cpp">
      <Filter>GameMode\Services</Filter>
    </ClCompile>
    <ClCompile Include="PowerCard.cpp">
      <Filter>Cards\Power</Filter>
    </ClCompile>
    <ClCompile Include="PowerCards.cpp">
      <Filter>Cards\Power</Filter>
    </ClCompile>
    <ClCompile Include="GameModeType.h">
      <Filter>Enums</Filter>
    </ClCompile>
    <ClCompile Include="InputHandler.cpp">
      <Filter>GameMode\Managers</Filter>
    </ClCompile>
    <ClCompile Include="Masters.cpp">
      <Filter>Cards\Mage</Filter>
    </ClCompile>
    <ClCompile Include="BaseGameMode.cpp">
      <Filter>GameMode</Filter>
    </ClCompile>
  </ItemGroup>
  <ItemGroup>
    <Filter Include="GameMode">
      <UniqueIdentifier>{5b411e3d-005d-4ebb-b47a-1a659c9dc756}</UniqueIdentifier>
    </Filter>
    <Filter Include="Utils">
      <UniqueIdentifier>{d790a02f-36dc-4193-8286-26b202c1553b}</UniqueIdentifier>
    </Filter>
    <Filter Include="Cards">
      <UniqueIdentifier>{cc01e163-7aa3-4952-a2c3-2f7082144005}</UniqueIdentifier>
    </Filter>
    <Filter Include="GameMode\GameModes">
      <UniqueIdentifier>{3195d8e2-f669-41f8-aa9f-d7b7acd3960e}</UniqueIdentifier>
    </Filter>
    <Filter Include="GameMode\Services">
      <UniqueIdentifier>{667d5372-d782-4602-a415-2b74719e9716}</UniqueIdentifier>
    </Filter>
    <Filter Include="Core">
      <UniqueIdentifier>{0fac7413-1e45-4ad7-a80e-6455d898959f}</UniqueIdentifier>
    </Filter>
    <Filter Include="GameMode\Managers">
      <UniqueIdentifier>{0c39b4d0-4c04-48a9-9e62-50205884f96c}</UniqueIdentifier>
    </Filter>
    <Filter Include="Enums">
      <UniqueIdentifier>{09422589-6c44-4b56-a2a5-7efdbfc0ad29}</UniqueIdentifier>
    </Filter>
    <Filter Include="Resources">
      <UniqueIdentifier>{f8596b21-c55c-4a3f-91f1-6346f25b3f5b}</UniqueIdentifier>
    </Filter>
    <Filter Include="Cards\Mage">
      <UniqueIdentifier>{957a2051-8db9-4503-a2a2-c6358a590160}</UniqueIdentifier>
    </Filter>
    <Filter Include="Cards\Power">
      <UniqueIdentifier>{09eb7f95-0ce9-4d2d-8f05-fa8e5b6e3f75}</UniqueIdentifier>
    </Filter>
  </ItemGroup>
  <ItemGroup>
    <ClInclude Include="IGameMode.h">
      <Filter>GameMode</Filter>
    </ClInclude>
    <ClInclude Include="Board.h">
      <Filter>Core</Filter>
    </ClInclude>
    <ClInclude Include="Player.h">
      <Filter>Core</Filter>
    </ClInclude>
    <ClInclude Include="utils.h">
      <Filter>Utils</Filter>
    </ClInclude>
    <ClInclude Include="CombatCard.h">
      <Filter>Cards</Filter>
    </ClInclude>
    <ClInclude Include="colors.h">
      <Filter>Utils</Filter>
    </ClInclude>
    <ClInclude Include="typedefs.h">
      <Filter>Utils</Filter>
    </ClInclude>
    <ClInclude Include="TrainingMode.h">
      <Filter>GameMode\GameModes</Filter>
    </ClInclude>
    <ClInclude Include="MageMode.h">
      <Filter>GameMode\GameModes</Filter>
    </ClInclude>
    <ClInclude Include="ElementalMode.h">
      <Filter>GameMode\GameModes</Filter>
    </ClInclude>
    <ClInclude Include="IllusionService.h">
      <Filter>GameMode\Services</Filter>
    </ClInclude>
    <ClInclude Include="ExplosionService.h">
      <Filter>GameMode\Services</Filter>
    </ClInclude>
    <ClInclude Include="MageService.h">
      <Filter>GameMode\Services</Filter>
    </ClInclude>
    <ClInclude Include="GameModeFactory.h">
      <Filter>GameMode</Filter>
    </ClInclude>
    <ClInclude Include="logger.h">
      <Filter>Utils</Filter>
    </ClInclude>
    <ClInclude Include="WinManager.h">
      <Filter>GameMode\Managers</Filter>
    </ClInclude>
    <ClInclude Include="CombatCardType.h">
      <Filter>Enums</Filter>
    </ClInclude>
    <ClInclude Include="ServiceType.h">
      <Filter>Enums</Filter>
    </ClInclude>
    <ClInclude Include="Signal.h">
      <Filter>Utils</Filter>
    </ClInclude>
    <ClInclude Include="ExplosionCard.h">
      <Filter>Cards</Filter>
    </ClInclude>
    <ClInclude Include="MageCard.h">
      <Filter>Cards\Mage</Filter>
    </ClInclude>
    <ClInclude Include="ElementalService.h">
      <Filter>GameMode\Services</Filter>
    </ClInclude>
    <ClInclude Include="PowerCard.h">
      <Filter>Cards\Power</Filter>
    </ClInclude>
    <ClInclude Include="PowerCards.h">
      <Filter>Cards\Power</Filter>
    </ClInclude>
    <ClInclude Include="InputHandler.h">
      <Filter>GameMode\Managers</Filter>
    </ClInclude>
    <ClInclude Include="MageTypeAbility.h">
      <Filter>Enums</Filter>
    </ClInclude>
    <ClInclude Include="Masters.h">
      <Filter>Cards\Mage</Filter>
    </ClInclude>
    <ClInclude Include="PowerCardType.h">
      <Filter>Enums</Filter>
    </ClInclude>
    <ClInclude Include="BaseGameMode.h">
      <Filter>GameMode</Filter>
    </ClInclude>
  </ItemGroup>
  <ItemGroup>
    <Text Include="log.txt">
      <Filter>Resources</Filter>
    </Text>
  </ItemGroup>
</Project>