
Microsoft Visual Studio Solution File, Format Version 12.00
# Visual Studio Version 17
VisualStudioVersion = 17.11.35312.102
MinimumVisualStudioVersion = 10.0.40219.1
Project("{8BC9CEB8-8B4A-11D0-8D11-00A0C91BC942}") = "EterV2", "EterV2\EterV2.vcxproj", "{CAE92530-402A-4F9D-BB76-8F6F30190FB5}"
EndProject
Global
	GlobalSection(SolutionConfigurationPlatforms) = preSolution
		Debug|x64 = Debug|x64
		Debug|x86 = Debug|x86
		Release|x64 = Release|x64
		Release|x86 = Release|x86
	EndGlobalSection
	GlobalSection(ProjectConfigurationPlatforms) = postSolution
		{CAE92530-402A-4F9D-BB76-8F6F30190FB5}.Debug|x64.ActiveCfg = Debug|x64
		{CAE92530-402A-4F9D-BB76-8F6F30190FB5}.Debug|x64.Build.0 = Debug|x64
		{CAE92530-402A-4F9D-BB76-8F6F30190FB5}.Debug|x86.ActiveCfg = Debug|Win32
		{CAE92530-402A-4F9D-BB76-8F6F30190FB5}.Debug|x86.Build.0 = Debug|Win32
		{CAE92530-402A-4F9D-BB76-8F6F30190FB5}.Release|x64.ActiveCfg = Release|x64
		{CAE92530-402A-4F9D-BB76-8F6F30190FB5}.Release|x64.Build.0 = Release|x64
		{CAE92530-402A-4F9D-BB76-8F6F30190FB5}.Release|x86.ActiveCfg = Release|Win32
		{CAE92530-402A-4F9D-BB76-8F6F30190FB5}.Release|x86.Build.0 = Release|Win32
	EndGlobalSection
	GlobalSection(SolutionProperties) = preSolution
		HideSolutionNode = FALSE
	EndGlobalSection
	GlobalSection(ExtensibilityGlobals) = postSolution
		SolutionGuid = {77F70FAE-A03A-4A97-9FC5-619B0B1CF9F3}
	EndGlobalSection
EndGlobal
